
Microsoft Visual Studio Solution File, Format Version 12.00
# Visual Studio 15
Project("{FAE04EC0-301F-11D3-BF4B-00C04F79EFBC}") = "UnityEngine.TestRunner", "UnityEngine.TestRunner.csproj", "{AE25A0DC-5415-2CED-187A-868FF84223E5}"
EndProject
Project("{FAE04EC0-301F-11D3-BF4B-00C04F79EFBC}") = "UnityEngine.UI", "UnityEngine.UI.csproj", "{9EC0C877-CD1F-21FC-F30D-97CC9B1BBF29}"
EndProject
Project("{FAE04EC0-301F-11D3-BF4B-00C04F79EFBC}") = "Unity.VisualScripting.Flow", "Unity.VisualScripting.Flow.csproj", "{931D00D1-16F0-924E-6192-2FFD630E77FC}"
EndProject
Project("{FAE04EC0-301F-11D3-BF4B-00C04F79EFBC}") = "Unity.Mathematics", "Unity.Mathematics.csproj", "{DB3381AE-DE86-D16E-FAD3-713305D409CD}"
EndProject
Project("{FAE04EC0-301F-11D3-BF4B-00C04F79EFBC}") = "Unity.Services.Core.Telemetry", "Unity.Services.Core.Telemetry.csproj", "{06D0C141-6BD0-AC3A-631F-11DFEAADCA59}"
EndProject
Project("{FAE04EC0-301F-11D3-BF4B-00C04F79EFBC}") = "Unity.VisualScripting.State", "Unity.VisualScripting.State.csproj", "{98402871-5AF8-226E-AC60-390619326AB7}"
EndProject
Project("{FAE04EC0-301F-11D3-BF4B-00C04F79EFBC}") = "Unity.VisualScripting.Core", "Unity.VisualScripting.Core.csproj", "{374082EA-3689-86A1-7274-AACFAA066B6F}"
EndProject
Project("{FAE04EC0-301F-11D3-BF4B-00C04F79EFBC}") = "Unity.Services.Core.Environments.Internal", "Unity.Services.Core.Environments.Internal.csproj", "{774E9155-972A-A5C5-092E-3860C92D2EC1}"
EndProject
Project("{FAE04EC0-301F-11D3-BF4B-00C04F79EFBC}") = "Unity.Burst", "Unity.Burst.csproj", "{3FB15025-6907-3C9F-5DFB-B7273D39ECC0}"
EndProject
Project("{FAE04EC0-301F-11D3-BF4B-00C04F79EFBC}") = "Unity.2D.Animation.Runtime", "Unity.2D.Animation.Runtime.csproj", "{63605B78-2414-7C67-CEBE-00792089983A}"
EndProject
Project("{FAE04EC0-301F-11D3-BF4B-00C04F79EFBC}") = "Unity.TextMeshPro", "Unity.TextMeshPro.csproj", "{44FC172A-15C2-9EA0-E4E0-FF8EDAC1D99C}"
EndProject
Project("{FAE04EC0-301F-11D3-BF4B-00C04F79EFBC}") = "Unity.Timeline", "Unity.Timeline.csproj", "{F967E7A8-D28D-3969-6D61-E7F875652E3A}"
EndProject
Project("{FAE04EC0-301F-11D3-BF4B-00C04F79EFBC}") = "Unity.Services.Core", "Unity.Services.Core.csproj", "{A808C801-A70A-A4BD-8D1D-A0BDD87F1096}"
EndProject
Project("{FAE04EC0-301F-11D3-BF4B-00C04F79EFBC}") = "Unity.Services.Core.Environments", "Unity.Services.Core.Environments.csproj", "{2CBC28B8-9FF7-9102-FED6-C4BC268AEA8B}"
EndProject
Project("{FAE04EC0-301F-11D3-BF4B-00C04F79EFBC}") = "Unity.Services.Core.Internal", "Unity.Services.Core.Internal.csproj", "{167D0DBD-60E4-222D-50EA-2365733D915F}"
EndProject
Project("{FAE04EC0-301F-11D3-BF4B-00C04F79EFBC}") = "Unity.Services.Core.Analytics", "Unity.Services.Core.Analytics.csproj", "{7D960AB0-6A0A-EF3E-0532-9649DD445510}"
EndProject
Project("{FAE04EC0-301F-11D3-BF4B-00C04F79EFBC}") = "Unity.2D.SpriteShape.Runtime", "Unity.2D.SpriteShape.Runtime.csproj", "{B86F8378-E353-BE8E-48C6-481E4714EA2C}"
EndProject
Project("{FAE04EC0-301F-11D3-BF4B-00C04F79EFBC}") = "Unity.Services.Core.Scheduler", "Unity.Services.Core.Scheduler.csproj", "{B41596AD-75E7-541C-E72E-6718F97E1D39}"
EndProject
Project("{FAE04EC0-301F-11D3-BF4B-00C04F79EFBC}") = "Unity.Services.Core.Registration", "Unity.Services.Core.Registration.csproj", "{4D055DF3-F020-F39E-7ECB-655BE109D8F5}"
EndProject
Project("{FAE04EC0-301F-11D3-BF4B-00C04F79EFBC}") = "Unity.2D.PixelPerfect", "Unity.2D.PixelPerfect.csproj", "{21A82B19-7E8F-ADFB-7B1C-B118D8F971CA}"
EndProject
Project("{FAE04EC0-301F-11D3-BF4B-00C04F79EFBC}") = "Unity.2D.Common.Runtime", "Unity.2D.Common.Runtime.csproj", "{EFA12BB4-EF7E-3C4F-D0AD-2FE286C9034C}"
EndProject
Project("{FAE04EC0-301F-11D3-BF4B-00C04F79EFBC}") = "Unity.2D.IK.Runtime", "Unity.2D.IK.Runtime.csproj", "{F569230E-5E52-353F-6521-EE13C4C67B55}"
EndProject
Project("{FAE04EC0-301F-11D3-BF4B-00C04F79EFBC}") = "Unity.Services.Core.Device", "Unity.Services.Core.Device.csproj", "{7CE62A6D-7DF9-8919-992C-5EC0A5F945A4}"
EndProject
Project("{FAE04EC0-301F-11D3-BF4B-00C04F79EFBC}") = "Unity.Services.Core.Threading", "Unity.Services.Core.Threading.csproj", "{DCEDAF06-B3AC-31D1-E3B8-4B1084479D6C}"
EndProject
Project("{FAE04EC0-301F-11D3-BF4B-00C04F79EFBC}") = "Unity.2D.Tilemap.Extras", "Unity.2D.Tilemap.Extras.csproj", "{C59C4722-96B5-18B8-D052-CA385A61B61A}"
EndProject
Project("{FAE04EC0-301F-11D3-BF4B-00C04F79EFBC}") = "Unity.Services.Core.Networking", "Unity.Services.Core.Networking.csproj", "{F5A19A3C-B7A2-C2E9-8FA6-934423E5A8F7}"
EndProject
Project("{FAE04EC0-301F-11D3-BF4B-00C04F79EFBC}") = "Unity.InternalAPIEngineBridge.001", "Unity.InternalAPIEngineBridge.001.csproj", "{AEAB7152-4D40-C6C4-DED4-C46695215C6D}"
EndProject
Project("{FAE04EC0-301F-11D3-BF4B-00C04F79EFBC}") = "Unity.Services.Core.Configuration", "Unity.Services.Core.Configuration.csproj", "{1C201FEC-0D82-EAE8-6BB7-3CC85DB2A6AC}"
EndProject
Project("{FAE04EC0-301F-11D3-BF4B-00C04F79EFBC}") = "Unity.PlasticSCM.Editor", "Unity.PlasticSCM.Editor.csproj", "{ECE3912D-9EFC-557E-5BDB-C398CD0CC9F3}"
EndProject
Project("{FAE04EC0-301F-11D3-BF4B-00C04F79EFBC}") = "Unity.VisualScripting.Core.Editor", "Unity.VisualScripting.Core.Editor.csproj", "{F3617F79-7330-1225-04EC-7718CEE9D13D}"
EndProject
Project("{FAE04EC0-301F-11D3-BF4B-00C04F79EFBC}") = "Unity.VisualScripting.Flow.Editor", "Unity.VisualScripting.Flow.Editor.csproj", "{38E47300-1C8E-3462-64F7-B65BB05D5AA7}"
EndProject
Project("{FAE04EC0-301F-11D3-BF4B-00C04F79EFBC}") = "Unity.VisualStudio.Editor", "Unity.VisualStudio.Editor.csproj", "{BBF6C63D-005E-63B9-67B0-72FFC714B739}"
EndProject
Project("{FAE04EC0-301F-11D3-BF4B-00C04F79EFBC}") = "Unity.Timeline.Editor", "Unity.Timeline.Editor.csproj", "{2927309F-2B1B-C698-31D3-8099AB9CD06B}"
EndProject
Project("{FAE04EC0-301F-11D3-BF4B-00C04F79EFBC}") = "Unity.VisualScripting.State.Editor", "Unity.VisualScripting.State.Editor.csproj", "{30A27B46-982D-9B1C-DDD0-1506BEB4E062}"
EndProject
Project("{FAE04EC0-301F-11D3-BF4B-00C04F79EFBC}") = "Unity.TextMeshPro.Editor", "Unity.TextMeshPro.Editor.csproj", "{67BF0149-9192-8C79-5AF2-7FB4D8D7426C}"
EndProject
Project("{FAE04EC0-301F-11D3-BF4B-00C04F79EFBC}") = "Unity.2D.Animation.Editor", "Unity.2D.Animation.Editor.csproj", "{8090C341-29CD-A141-8AAA-FA558316DB52}"
EndProject
Project("{FAE04EC0-301F-11D3-BF4B-00C04F79EFBC}") = "Unity.VisualScripting.SettingsProvider.Editor", "Unity.VisualScripting.SettingsProvider.Editor.csproj", "{6CB7A132-1735-BA18-FEE3-2CEF630CA2C9}"
EndProject
Project("{FAE04EC0-301F-11D3-BF4B-00C04F79EFBC}") = "Unity.CollabProxy.Editor", "Unity.CollabProxy.Editor.csproj", "{A8D2B867-99A3-E54A-F662-CF905B0859F2}"
EndProject
Project("{FAE04EC0-301F-11D3-BF4B-00C04F79EFBC}") = "UnityEditor.TestRunner", "UnityEditor.TestRunner.csproj", "{A2000D9C-0B6C-CE36-AF0F-AB46D74191C6}"
EndProject
Project("{FAE04EC0-301F-11D3-BF4B-00C04F79EFBC}") = "Unity.2D.Tilemap.Editor", "Unity.2D.Tilemap.Editor.csproj", "{09A3B19D-2A5F-E111-8097-ECB5C4E92E5A}"
EndProject
Project("{FAE04EC0-301F-11D3-BF4B-00C04F79EFBC}") = "Unity.Services.Core.Editor", "Unity.Services.Core.Editor.csproj", "{F6765A0B-E847-36DF-0ADA-26AF8E2C8AF5}"
EndProject
Project("{FAE04EC0-301F-11D3-BF4B-00C04F79EFBC}") = "Unity.Rider.Editor", "Unity.Rider.Editor.csproj", "{ACE64B55-0C30-352B-32CB-86989876F353}"
EndProject
Project("{FAE04EC0-301F-11D3-BF4B-00C04F79EFBC}") = "Unity.2D.Path.Editor", "Unity.2D.Path.Editor.csproj", "{9632A551-A76D-2201-C5E6-B07A7792E588}"
EndProject
Project("{FAE04EC0-301F-11D3-BF4B-00C04F79EFBC}") = "PsdPlugin", "PsdPlugin.csproj", "{94DAC78E-FF03-D154-0C9C-4622A08EE6F4}"
EndProject
Project("{FAE04EC0-301F-11D3-BF4B-00C04F79EFBC}") = "Unity.2D.IK.Editor", "Unity.2D.IK.Editor.csproj", "{7D074B1F-8026-5842-E782-24590AECDF57}"
EndProject
Project("{FAE04EC0-301F-11D3-BF4B-00C04F79EFBC}") = "Unity.2D.Psdimporter.Editor", "Unity.2D.Psdimporter.Editor.csproj", "{2C744F1F-B12C-73E7-7CA5-39941F2D4CFD}"
EndProject
Project("{FAE04EC0-301F-11D3-BF4B-00C04F79EFBC}") = "Unity.2D.SpriteShape.Editor", "Unity.2D.SpriteShape.Editor.csproj", "{0C9345F1-924D-7F05-5824-68C31EAEF6C6}"
EndProject
Project("{FAE04EC0-301F-11D3-BF4B-00C04F79EFBC}") = "Unity.Burst.CodeGen", "Unity.Burst.CodeGen.csproj", "{0F89C41D-081A-2D79-FAD2-94C48FDDEEC2}"
EndProject
Project("{FAE04EC0-301F-11D3-BF4B-00C04F79EFBC}") = "Unity.2D.PixelPerfect.Editor", "Unity.2D.PixelPerfect.Editor.csproj", "{B0E33C15-3BB3-4744-5C35-14321DFA4535}"
EndProject
Project("{FAE04EC0-301F-11D3-BF4B-00C04F79EFBC}") = "Unity.VSCode.Editor", "Unity.VSCode.Editor.csproj", "{73234C72-D35F-6883-F2DF-B98C14D586FA}"
EndProject
Project("{FAE04EC0-301F-11D3-BF4B-00C04F79EFBC}") = "Unity.2D.Sprite.Editor", "Unity.2D.Sprite.Editor.csproj", "{914A5DC5-E257-3250-9C7F-1BF70A6BE571}"
EndProject
Project("{FAE04EC0-301F-11D3-BF4B-00C04F79EFBC}") = "UnityEditor.UI", "UnityEditor.UI.csproj", "{28D2948C-58AE-53F1-CF51-7E7C12B68E53}"
EndProject
Project("{FAE04EC0-301F-11D3-BF4B-00C04F79EFBC}") = "Unity.2D.Common.Editor", "Unity.2D.Common.Editor.csproj", "{DC8717B6-C66B-137A-6D2F-493D462B23C7}"
EndProject
Project("{FAE04EC0-301F-11D3-BF4B-00C04F79EFBC}") = "Unity.Mathematics.Editor", "Unity.Mathematics.Editor.csproj", "{D524E568-FDA7-1A29-A410-443DA4025956}"
EndProject
Project("{FAE04EC0-301F-11D3-BF4B-00C04F79EFBC}") = "Unity.Services.Core.Configuration.Editor", "Unity.Services.Core.Configuration.Editor.csproj", "{1EA2393F-B740-32C8-38DC-DC76D34BDE9F}"
EndProject
Project("{FAE04EC0-301F-11D3-BF4B-00C04F79EFBC}") = "Unity.2D.Tilemap.Extras.Editor", "Unity.2D.Tilemap.Extras.Editor.csproj", "{AB04D3A2-F326-AFC7-5DF9-D0EAC229D648}"
EndProject
Project("{FAE04EC0-301F-11D3-BF4B-00C04F79EFBC}") = "Unity.Burst.Editor", "Unity.Burst.Editor.csproj", "{B7D05EFB-401D-D877-FC70-46689CA1CCDA}"
EndProject
Project("{FAE04EC0-301F-11D3-BF4B-00C04F79EFBC}") = "Unity.InternalAPIEditorBridge.001", "Unity.InternalAPIEditorBridge.001.csproj", "{E9EB830D-40DA-0615-C1EE-FFB6DCBA015C}"
EndProject
Project("{FAE04EC0-301F-11D3-BF4B-00C04F79EFBC}") = "Unity.VisualScripting.Shared.Editor", "Unity.VisualScripting.Shared.Editor.csproj", "{15886B73-449E-CBA0-F1D7-18F810C2C38A}"
EndProject
Project("{FAE04EC0-301F-11D3-BF4B-00C04F79EFBC}") = "UnityEngine.TestRunner", "UnityEngine.TestRunner.Player.csproj", "{844C01DB-DF60-4ED7-1707-F5AC65BB0B6D}"
EndProject
Project("{FAE04EC0-301F-11D3-BF4B-00C04F79EFBC}") = "UnityEngine.UI", "UnityEngine.UI.Player.csproj", "{374DB259-CD32-2C49-8E56-E85A4B27001F}"
EndProject
Project("{FAE04EC0-301F-11D3-BF4B-00C04F79EFBC}") = "Unity.VisualScripting.Flow", "Unity.VisualScripting.Flow.Player.csproj", "{5F853B1A-5AD3-B89A-6D00-641825863B95}"
EndProject
Project("{FAE04EC0-301F-11D3-BF4B-00C04F79EFBC}") = "Unity.Mathematics", "Unity.Mathematics.Player.csproj", "{D8783D35-0709-C7C4-D0FE-6A79598887BF}"
EndProject
Project("{FAE04EC0-301F-11D3-BF4B-00C04F79EFBC}") = "Unity.Services.Core.Telemetry", "Unity.Services.Core.Telemetry.Player.csproj", "{E7F0E91F-F1F7-C99D-3ED3-53A14DF8528D}"
EndProject
Project("{FAE04EC0-301F-11D3-BF4B-00C04F79EFBC}") = "Unity.VisualScripting.State", "Unity.VisualScripting.State.Player.csproj", "{99AE9EF7-085B-92CA-B49C-2EDEB759B607}"
EndProject
Project("{FAE04EC0-301F-11D3-BF4B-00C04F79EFBC}") = "Unity.VisualScripting.Core", "Unity.VisualScripting.Core.Player.csproj", "{7E53F729-DE64-01CD-CBD5-169828825F01}"
EndProject
Project("{FAE04EC0-301F-11D3-BF4B-00C04F79EFBC}") = "Unity.Services.Core.Environments.Internal", "Unity.Services.Core.Environments.Internal.Player.csproj", "{16250834-27FA-7066-6589-339B5D1A5F1B}"
EndProject
Project("{FAE04EC0-301F-11D3-BF4B-00C04F79EFBC}") = "Unity.Burst", "Unity.Burst.Player.csproj", "{726008D8-A1C2-BCED-0281-5FAF143A08C9}"
EndProject
Project("{FAE04EC0-301F-11D3-BF4B-00C04F79EFBC}") = "Unity.2D.Animation.Runtime", "Unity.2D.Animation.Runtime.Player.csproj", "{417DDDB9-C688-ED9C-8A3F-32853F608166}"
EndProject
Project("{FAE04EC0-301F-11D3-BF4B-00C04F79EFBC}") = "Unity.TextMeshPro", "Unity.TextMeshPro.Player.csproj", "{5C03A5B4-CEFA-76DA-9D9A-A54782D987E0}"
EndProject
Project("{FAE04EC0-301F-11D3-BF4B-00C04F79EFBC}") = "Unity.Timeline", "Unity.Timeline.Player.csproj", "{C64413D6-9D6F-A6D2-9387-3F2530FAD842}"
EndProject
Project("{FAE04EC0-301F-11D3-BF4B-00C04F79EFBC}") = "Unity.Services.Core", "Unity.Services.Core.Player.csproj", "{8A4D9670-5340-2154-F98C-476D724BD4E3}"
EndProject
Project("{FAE04EC0-301F-11D3-BF4B-00C04F79EFBC}") = "Unity.Services.Core.Environments", "Unity.Services.Core.Environments.Player.csproj", "{306531A5-EE9F-34BE-6FFD-A0FF7FDC324D}"
EndProject
Project("{FAE04EC0-301F-11D3-BF4B-00C04F79EFBC}") = "Unity.Services.Core.Internal", "Unity.Services.Core.Internal.Player.csproj", "{E817011B-BCBF-9B5E-A815-B8258A4A13AC}"
EndProject
Project("{FAE04EC0-301F-11D3-BF4B-00C04F79EFBC}") = "Unity.Services.Core.Analytics", "Unity.Services.Core.Analytics.Player.csproj", "{AC67B7A9-94EB-8A6C-80A0-10F53CEA4AC4}"
EndProject
Project("{FAE04EC0-301F-11D3-BF4B-00C04F79EFBC}") = "Unity.2D.SpriteShape.Runtime", "Unity.2D.SpriteShape.Runtime.Player.csproj", "{B1644034-AA89-2230-70DA-1AC90D2EB298}"
EndProject
Project("{FAE04EC0-301F-11D3-BF4B-00C04F79EFBC}") = "Unity.Services.Core.Scheduler", "Unity.Services.Core.Scheduler.Player.csproj", "{F431924B-78AF-AEBB-912B-17E5EAC5E02B}"
EndProject
Project("{FAE04EC0-301F-11D3-BF4B-00C04F79EFBC}") = "Unity.Services.Core.Registration", "Unity.Services.Core.Registration.Player.csproj", "{7B5FA152-C91D-BD60-8E06-CD4144A2E6E0}"
EndProject
Project("{FAE04EC0-301F-11D3-BF4B-00C04F79EFBC}") = "Unity.2D.PixelPerfect", "Unity.2D.PixelPerfect.Player.csproj", "{F92D6174-682A-53BA-3DC5-59BF1E785CF4}"
EndProject
Project("{FAE04EC0-301F-11D3-BF4B-00C04F79EFBC}") = "Unity.2D.Common.Runtime", "Unity.2D.Common.Runtime.Player.csproj", "{14081283-D0D0-A805-7817-31E9484CF50B}"
EndProject
Project("{FAE04EC0-301F-11D3-BF4B-00C04F79EFBC}") = "Unity.2D.IK.Runtime", "Unity.2D.IK.Runtime.Player.csproj", "{DA414DC4-088E-0502-AC98-3BE5CAC36F83}"
EndProject
Project("{FAE04EC0-301F-11D3-BF4B-00C04F79EFBC}") = "Unity.Services.Core.Device", "Unity.Services.Core.Device.Player.csproj", "{F77146F4-4603-0934-5BCF-21266DC75D86}"
EndProject
Project("{FAE04EC0-301F-11D3-BF4B-00C04F79EFBC}") = "Unity.Services.Core.Threading", "Unity.Services.Core.Threading.Player.csproj", "{9125A30E-985C-E365-FFDF-D893ACEC5224}"
EndProject
Project("{FAE04EC0-301F-11D3-BF4B-00C04F79EFBC}") = "Unity.2D.Tilemap.Extras", "Unity.2D.Tilemap.Extras.Player.csproj", "{D8A886D4-984A-9388-E0E6-233395487009}"
EndProject
Project("{FAE04EC0-301F-11D3-BF4B-00C04F79EFBC}") = "Unity.Services.Core.Networking", "Unity.Services.Core.Networking.Player.csproj", "{E240D46D-9375-1700-FE84-29B6D342DCC2}"
EndProject
Project("{FAE04EC0-301F-11D3-BF4B-00C04F79EFBC}") = "Unity.InternalAPIEngineBridge.001", "Unity.InternalAPIEngineBridge.001.Player.csproj", "{B09DDA42-2125-9B65-143F-E0CB34AD9DE4}"
EndProject
Project("{FAE04EC0-301F-11D3-BF4B-00C04F79EFBC}") = "Unity.Services.Core.Configuration", "Unity.Services.Core.Configuration.Player.csproj", "{92BFA086-51E4-967E-29E7-B1B4F254A1B7}"
EndProject
Global
	GlobalSection(SolutionConfigurationPlatforms) = preSolution
		Debug|Any CPU = Debug|Any CPU
		Release|Any CPU = Release|Any CPU
	EndGlobalSection
	GlobalSection(ProjectConfigurationPlatforms) = postSolution
		{AE25A0DC-5415-2CED-187A-868FF84223E5}.Debug|Any CPU.ActiveCfg = Debug|Any CPU
		{AE25A0DC-5415-2CED-187A-868FF84223E5}.Debug|Any CPU.Build.0 = Debug|Any CPU
		{AE25A0DC-5415-2CED-187A-868FF84223E5}.Release|Any CPU.ActiveCfg = Release|Any CPU
		{AE25A0DC-5415-2CED-187A-868FF84223E5}.Release|Any CPU.Build.0 = Release|Any CPU
		{9EC0C877-CD1F-21FC-F30D-97CC9B1BBF29}.Debug|Any CPU.ActiveCfg = Debug|Any CPU
		{9EC0C877-CD1F-21FC-F30D-97CC9B1BBF29}.Debug|Any CPU.Build.0 = Debug|Any CPU
		{9EC0C877-CD1F-21FC-F30D-97CC9B1BBF29}.Release|Any CPU.ActiveCfg = Release|Any CPU
		{9EC0C877-CD1F-21FC-F30D-97CC9B1BBF29}.Release|Any CPU.Build.0 = Release|Any CPU
		{931D00D1-16F0-924E-6192-2FFD630E77FC}.Debug|Any CPU.ActiveCfg = Debug|Any CPU
		{931D00D1-16F0-924E-6192-2FFD630E77FC}.Debug|Any CPU.Build.0 = Debug|Any CPU
		{931D00D1-16F0-924E-6192-2FFD630E77FC}.Release|Any CPU.ActiveCfg = Release|Any CPU
		{931D00D1-16F0-924E-6192-2FFD630E77FC}.Release|Any CPU.Build.0 = Release|Any CPU
		{DB3381AE-DE86-D16E-FAD3-713305D409CD}.Debug|Any CPU.ActiveCfg = Debug|Any CPU
		{DB3381AE-DE86-D16E-FAD3-713305D409CD}.Debug|Any CPU.Build.0 = Debug|Any CPU
		{DB3381AE-DE86-D16E-FAD3-713305D409CD}.Release|Any CPU.ActiveCfg = Release|Any CPU
		{DB3381AE-DE86-D16E-FAD3-713305D409CD}.Release|Any CPU.Build.0 = Release|Any CPU
		{06D0C141-6BD0-AC3A-631F-11DFEAADCA59}.Debug|Any CPU.ActiveCfg = Debug|Any CPU
		{06D0C141-6BD0-AC3A-631F-11DFEAADCA59}.Debug|Any CPU.Build.0 = Debug|Any CPU
		{06D0C141-6BD0-AC3A-631F-11DFEAADCA59}.Release|Any CPU.ActiveCfg = Release|Any CPU
		{06D0C141-6BD0-AC3A-631F-11DFEAADCA59}.Release|Any CPU.Build.0 = Release|Any CPU
		{98402871-5AF8-226E-AC60-390619326AB7}.Debug|Any CPU.ActiveCfg = Debug|Any CPU
		{98402871-5AF8-226E-AC60-390619326AB7}.Debug|Any CPU.Build.0 = Debug|Any CPU
		{98402871-5AF8-226E-AC60-390619326AB7}.Release|Any CPU.ActiveCfg = Release|Any CPU
		{98402871-5AF8-226E-AC60-390619326AB7}.Release|Any CPU.Build.0 = Release|Any CPU
		{374082EA-3689-86A1-7274-AACFAA066B6F}.Debug|Any CPU.ActiveCfg = Debug|Any CPU
		{374082EA-3689-86A1-7274-AACFAA066B6F}.Debug|Any CPU.Build.0 = Debug|Any CPU
		{374082EA-3689-86A1-7274-AACFAA066B6F}.Release|Any CPU.ActiveCfg = Release|Any CPU
		{374082EA-3689-86A1-7274-AACFAA066B6F}.Release|Any CPU.Build.0 = Release|Any CPU
		{774E9155-972A-A5C5-092E-3860C92D2EC1}.Debug|Any CPU.ActiveCfg = Debug|Any CPU
		{774E9155-972A-A5C5-092E-3860C92D2EC1}.Debug|Any CPU.Build.0 = Debug|Any CPU
		{774E9155-972A-A5C5-092E-3860C92D2EC1}.Release|Any CPU.ActiveCfg = Release|Any CPU
		{774E9155-972A-A5C5-092E-3860C92D2EC1}.Release|Any CPU.Build.0 = Release|Any CPU
		{3FB15025-6907-3C9F-5DFB-B7273D39ECC0}.Debug|Any CPU.ActiveCfg = Debug|Any CPU
		{3FB15025-6907-3C9F-5DFB-B7273D39ECC0}.Debug|Any CPU.Build.0 = Debug|Any CPU
		{3FB15025-6907-3C9F-5DFB-B7273D39ECC0}.Release|Any CPU.ActiveCfg = Release|Any CPU
		{3FB15025-6907-3C9F-5DFB-B7273D39ECC0}.Release|Any CPU.Build.0 = Release|Any CPU
		{63605B78-2414-7C67-CEBE-00792089983A}.Debug|Any CPU.ActiveCfg = Debug|Any CPU
		{63605B78-2414-7C67-CEBE-00792089983A}.Debug|Any CPU.Build.0 = Debug|Any CPU
		{63605B78-2414-7C67-CEBE-00792089983A}.Release|Any CPU.ActiveCfg = Release|Any CPU
		{63605B78-2414-7C67-CEBE-00792089983A}.Release|Any CPU.Build.0 = Release|Any CPU
		{44FC172A-15C2-9EA0-E4E0-FF8EDAC1D99C}.Debug|Any CPU.ActiveCfg = Debug|Any CPU
		{44FC172A-15C2-9EA0-E4E0-FF8EDAC1D99C}.Debug|Any CPU.Build.0 = Debug|Any CPU
		{44FC172A-15C2-9EA0-E4E0-FF8EDAC1D99C}.Release|Any CPU.ActiveCfg = Release|Any CPU
		{44FC172A-15C2-9EA0-E4E0-FF8EDAC1D99C}.Release|Any CPU.Build.0 = Release|Any CPU
		{F967E7A8-D28D-3969-6D61-E7F875652E3A}.Debug|Any CPU.ActiveCfg = Debug|Any CPU
		{F967E7A8-D28D-3969-6D61-E7F875652E3A}.Debug|Any CPU.Build.0 = Debug|Any CPU
		{F967E7A8-D28D-3969-6D61-E7F875652E3A}.Release|Any CPU.ActiveCfg = Release|Any CPU
		{F967E7A8-D28D-3969-6D61-E7F875652E3A}.Release|Any CPU.Build.0 = Release|Any CPU
		{A808C801-A70A-A4BD-8D1D-A0BDD87F1096}.Debug|Any CPU.ActiveCfg = Debug|Any CPU
		{A808C801-A70A-A4BD-8D1D-A0BDD87F1096}.Debug|Any CPU.Build.0 = Debug|Any CPU
		{A808C801-A70A-A4BD-8D1D-A0BDD87F1096}.Release|Any CPU.ActiveCfg = Release|Any CPU
		{A808C801-A70A-A4BD-8D1D-A0BDD87F1096}.Release|Any CPU.Build.0 = Release|Any CPU
		{2CBC28B8-9FF7-9102-FED6-C4BC268AEA8B}.Debug|Any CPU.ActiveCfg = Debug|Any CPU
		{2CBC28B8-9FF7-9102-FED6-C4BC268AEA8B}.Debug|Any CPU.Build.0 = Debug|Any CPU
		{2CBC28B8-9FF7-9102-FED6-C4BC268AEA8B}.Release|Any CPU.ActiveCfg = Release|Any CPU
		{2CBC28B8-9FF7-9102-FED6-C4BC268AEA8B}.Release|Any CPU.Build.0 = Release|Any CPU
		{167D0DBD-60E4-222D-50EA-2365733D915F}.Debug|Any CPU.ActiveCfg = Debug|Any CPU
		{167D0DBD-60E4-222D-50EA-2365733D915F}.Debug|Any CPU.Build.0 = Debug|Any CPU
		{167D0DBD-60E4-222D-50EA-2365733D915F}.Release|Any CPU.ActiveCfg = Release|Any CPU
		{167D0DBD-60E4-222D-50EA-2365733D915F}.Release|Any CPU.Build.0 = Release|Any CPU
		{7D960AB0-6A0A-EF3E-0532-9649DD445510}.Debug|Any CPU.ActiveCfg = Debug|Any CPU
		{7D960AB0-6A0A-EF3E-0532-9649DD445510}.Debug|Any CPU.Build.0 = Debug|Any CPU
		{7D960AB0-6A0A-EF3E-0532-9649DD445510}.Release|Any CPU.ActiveCfg = Release|Any CPU
		{7D960AB0-6A0A-EF3E-0532-9649DD445510}.Release|Any CPU.Build.0 = Release|Any CPU
		{B86F8378-E353-BE8E-48C6-481E4714EA2C}.Debug|Any CPU.ActiveCfg = Debug|Any CPU
		{B86F8378-E353-BE8E-48C6-481E4714EA2C}.Debug|Any CPU.Build.0 = Debug|Any CPU
		{B86F8378-E353-BE8E-48C6-481E4714EA2C}.Release|Any CPU.ActiveCfg = Release|Any CPU
		{B86F8378-E353-BE8E-48C6-481E4714EA2C}.Release|Any CPU.Build.0 = Release|Any CPU
		{B41596AD-75E7-541C-E72E-6718F97E1D39}.Debug|Any CPU.ActiveCfg = Debug|Any CPU
		{B41596AD-75E7-541C-E72E-6718F97E1D39}.Debug|Any CPU.Build.0 = Debug|Any CPU
		{B41596AD-75E7-541C-E72E-6718F97E1D39}.Release|Any CPU.ActiveCfg = Release|Any CPU
		{B41596AD-75E7-541C-E72E-6718F97E1D39}.Release|Any CPU.Build.0 = Release|Any CPU
		{4D055DF3-F020-F39E-7ECB-655BE109D8F5}.Debug|Any CPU.ActiveCfg = Debug|Any CPU
		{4D055DF3-F020-F39E-7ECB-655BE109D8F5}.Debug|Any CPU.Build.0 = Debug|Any CPU
		{4D055DF3-F020-F39E-7ECB-655BE109D8F5}.Release|Any CPU.ActiveCfg = Release|Any CPU
		{4D055DF3-F020-F39E-7ECB-655BE109D8F5}.Release|Any CPU.Build.0 = Release|Any CPU
		{21A82B19-7E8F-ADFB-7B1C-B118D8F971CA}.Debug|Any CPU.ActiveCfg = Debug|Any CPU
		{21A82B19-7E8F-ADFB-7B1C-B118D8F971CA}.Debug|Any CPU.Build.0 = Debug|Any CPU
		{21A82B19-7E8F-ADFB-7B1C-B118D8F971CA}.Release|Any CPU.ActiveCfg = Release|Any CPU
		{21A82B19-7E8F-ADFB-7B1C-B118D8F971CA}.Release|Any CPU.Build.0 = Release|Any CPU
		{EFA12BB4-EF7E-3C4F-D0AD-2FE286C9034C}.Debug|Any CPU.ActiveCfg = Debug|Any CPU
		{EFA12BB4-EF7E-3C4F-D0AD-2FE286C9034C}.Debug|Any CPU.Build.0 = Debug|Any CPU
		{EFA12BB4-EF7E-3C4F-D0AD-2FE286C9034C}.Release|Any CPU.ActiveCfg = Release|Any CPU
		{EFA12BB4-EF7E-3C4F-D0AD-2FE286C9034C}.Release|Any CPU.Build.0 = Release|Any CPU
		{F569230E-5E52-353F-6521-EE13C4C67B55}.Debug|Any CPU.ActiveCfg = Debug|Any CPU
		{F569230E-5E52-353F-6521-EE13C4C67B55}.Debug|Any CPU.Build.0 = Debug|Any CPU
		{F569230E-5E52-353F-6521-EE13C4C67B55}.Release|Any CPU.ActiveCfg = Release|Any CPU
		{F569230E-5E52-353F-6521-EE13C4C67B55}.Release|Any CPU.Build.0 = Release|Any CPU
		{7CE62A6D-7DF9-8919-992C-5EC0A5F945A4}.Debug|Any CPU.ActiveCfg = Debug|Any CPU
		{7CE62A6D-7DF9-8919-992C-5EC0A5F945A4}.Debug|Any CPU.Build.0 = Debug|Any CPU
		{7CE62A6D-7DF9-8919-992C-5EC0A5F945A4}.Release|Any CPU.ActiveCfg = Release|Any CPU
		{7CE62A6D-7DF9-8919-992C-5EC0A5F945A4}.Release|Any CPU.Build.0 = Release|Any CPU
		{DCEDAF06-B3AC-31D1-E3B8-4B1084479D6C}.Debug|Any CPU.ActiveCfg = Debug|Any CPU
		{DCEDAF06-B3AC-31D1-E3B8-4B1084479D6C}.Debug|Any CPU.Build.0 = Debug|Any CPU
		{DCEDAF06-B3AC-31D1-E3B8-4B1084479D6C}.Release|Any CPU.ActiveCfg = Release|Any CPU
		{DCEDAF06-B3AC-31D1-E3B8-4B1084479D6C}.Release|Any CPU.Build.0 = Release|Any CPU
		{C59C4722-96B5-18B8-D052-CA385A61B61A}.Debug|Any CPU.ActiveCfg = Debug|Any CPU
		{C59C4722-96B5-18B8-D052-CA385A61B61A}.Debug|Any CPU.Build.0 = Debug|Any CPU
		{C59C4722-96B5-18B8-D052-CA385A61B61A}.Release|Any CPU.ActiveCfg = Release|Any CPU
		{C59C4722-96B5-18B8-D052-CA385A61B61A}.Release|Any CPU.Build.0 = Release|Any CPU
		{F5A19A3C-B7A2-C2E9-8FA6-934423E5A8F7}.Debug|Any CPU.ActiveCfg = Debug|Any CPU
		{F5A19A3C-B7A2-C2E9-8FA6-934423E5A8F7}.Debug|Any CPU.Build.0 = Debug|Any CPU
		{F5A19A3C-B7A2-C2E9-8FA6-934423E5A8F7}.Release|Any CPU.ActiveCfg = Release|Any CPU
		{F5A19A3C-B7A2-C2E9-8FA6-934423E5A8F7}.Release|Any CPU.Build.0 = Release|Any CPU
		{AEAB7152-4D40-C6C4-DED4-C46695215C6D}.Debug|Any CPU.ActiveCfg = Debug|Any CPU
		{AEAB7152-4D40-C6C4-DED4-C46695215C6D}.Debug|Any CPU.Build.0 = Debug|Any CPU
		{AEAB7152-4D40-C6C4-DED4-C46695215C6D}.Release|Any CPU.ActiveCfg = Release|Any CPU
		{AEAB7152-4D40-C6C4-DED4-C46695215C6D}.Release|Any CPU.Build.0 = Release|Any CPU
		{1C201FEC-0D82-EAE8-6BB7-3CC85DB2A6AC}.Debug|Any CPU.ActiveCfg = Debug|Any CPU
		{1C201FEC-0D82-EAE8-6BB7-3CC85DB2A6AC}.Debug|Any CPU.Build.0 = Debug|Any CPU
		{1C201FEC-0D82-EAE8-6BB7-3CC85DB2A6AC}.Release|Any CPU.ActiveCfg = Release|Any CPU
		{1C201FEC-0D82-EAE8-6BB7-3CC85DB2A6AC}.Release|Any CPU.Build.0 = Release|Any CPU
		{ECE3912D-9EFC-557E-5BDB-C398CD0CC9F3}.Debug|Any CPU.ActiveCfg = Debug|Any CPU
		{ECE3912D-9EFC-557E-5BDB-C398CD0CC9F3}.Debug|Any CPU.Build.0 = Debug|Any CPU
		{ECE3912D-9EFC-557E-5BDB-C398CD0CC9F3}.Release|Any CPU.ActiveCfg = Release|Any CPU
		{ECE3912D-9EFC-557E-5BDB-C398CD0CC9F3}.Release|Any CPU.Build.0 = Release|Any CPU
		{F3617F79-7330-1225-04EC-7718CEE9D13D}.Debug|Any CPU.ActiveCfg = Debug|Any CPU
		{F3617F79-7330-1225-04EC-7718CEE9D13D}.Debug|Any CPU.Build.0 = Debug|Any CPU
		{F3617F79-7330-1225-04EC-7718CEE9D13D}.Release|Any CPU.ActiveCfg = Release|Any CPU
		{F3617F79-7330-1225-04EC-7718CEE9D13D}.Release|Any CPU.Build.0 = Release|Any CPU
		{38E47300-1C8E-3462-64F7-B65BB05D5AA7}.Debug|Any CPU.ActiveCfg = Debug|Any CPU
		{38E47300-1C8E-3462-64F7-B65BB05D5AA7}.Debug|Any CPU.Build.0 = Debug|Any CPU
		{38E47300-1C8E-3462-64F7-B65BB05D5AA7}.Release|Any CPU.ActiveCfg = Release|Any CPU
		{38E47300-1C8E-3462-64F7-B65BB05D5AA7}.Release|Any CPU.Build.0 = Release|Any CPU
		{BBF6C63D-005E-63B9-67B0-72FFC714B739}.Debug|Any CPU.ActiveCfg = Debug|Any CPU
		{BBF6C63D-005E-63B9-67B0-72FFC714B739}.Debug|Any CPU.Build.0 = Debug|Any CPU
		{BBF6C63D-005E-63B9-67B0-72FFC714B739}.Release|Any CPU.ActiveCfg = Release|Any CPU
		{BBF6C63D-005E-63B9-67B0-72FFC714B739}.Release|Any CPU.Build.0 = Release|Any CPU
		{2927309F-2B1B-C698-31D3-8099AB9CD06B}.Debug|Any CPU.ActiveCfg = Debug|Any CPU
		{2927309F-2B1B-C698-31D3-8099AB9CD06B}.Debug|Any CPU.Build.0 = Debug|Any CPU
		{2927309F-2B1B-C698-31D3-8099AB9CD06B}.Release|Any CPU.ActiveCfg = Release|Any CPU
		{2927309F-2B1B-C698-31D3-8099AB9CD06B}.Release|Any CPU.Build.0 = Release|Any CPU
		{30A27B46-982D-9B1C-DDD0-1506BEB4E062}.Debug|Any CPU.ActiveCfg = Debug|Any CPU
		{30A27B46-982D-9B1C-DDD0-1506BEB4E062}.Debug|Any CPU.Build.0 = Debug|Any CPU
		{30A27B46-982D-9B1C-DDD0-1506BEB4E062}.Release|Any CPU.ActiveCfg = Release|Any CPU
		{30A27B46-982D-9B1C-DDD0-1506BEB4E062}.Release|Any CPU.Build.0 = Release|Any CPU
		{67BF0149-9192-8C79-5AF2-7FB4D8D7426C}.Debug|Any CPU.ActiveCfg = Debug|Any CPU
		{67BF0149-9192-8C79-5AF2-7FB4D8D7426C}.Debug|Any CPU.Build.0 = Debug|Any CPU
		{67BF0149-9192-8C79-5AF2-7FB4D8D7426C}.Release|Any CPU.ActiveCfg = Release|Any CPU
		{67BF0149-9192-8C79-5AF2-7FB4D8D7426C}.Release|Any CPU.Build.0 = Release|Any CPU
		{8090C341-29CD-A141-8AAA-FA558316DB52}.Debug|Any CPU.ActiveCfg = Debug|Any CPU
		{8090C341-29CD-A141-8AAA-FA558316DB52}.Debug|Any CPU.Build.0 = Debug|Any CPU
		{8090C341-29CD-A141-8AAA-FA558316DB52}.Release|Any CPU.ActiveCfg = Release|Any CPU
		{8090C341-29CD-A141-8AAA-FA558316DB52}.Release|Any CPU.Build.0 = Release|Any CPU
		{6CB7A132-1735-BA18-FEE3-2CEF630CA2C9}.Debug|Any CPU.ActiveCfg = Debug|Any CPU
		{6CB7A132-1735-BA18-FEE3-2CEF630CA2C9}.Debug|Any CPU.Build.0 = Debug|Any CPU
		{6CB7A132-1735-BA18-FEE3-2CEF630CA2C9}.Release|Any CPU.ActiveCfg = Release|Any CPU
		{6CB7A132-1735-BA18-FEE3-2CEF630CA2C9}.Release|Any CPU.Build.0 = Release|Any CPU
		{A8D2B867-99A3-E54A-F662-CF905B0859F2}.Debug|Any CPU.ActiveCfg = Debug|Any CPU
		{A8D2B867-99A3-E54A-F662-CF905B0859F2}.Debug|Any CPU.Build.0 = Debug|Any CPU
		{A8D2B867-99A3-E54A-F662-CF905B0859F2}.Release|Any CPU.ActiveCfg = Release|Any CPU
		{A8D2B867-99A3-E54A-F662-CF905B0859F2}.Release|Any CPU.Build.0 = Release|Any CPU
		{A2000D9C-0B6C-CE36-AF0F-AB46D74191C6}.Debug|Any CPU.ActiveCfg = Debug|Any CPU
		{A2000D9C-0B6C-CE36-AF0F-AB46D74191C6}.Debug|Any CPU.Build.0 = Debug|Any CPU
		{A2000D9C-0B6C-CE36-AF0F-AB46D74191C6}.Release|Any CPU.ActiveCfg = Release|Any CPU
		{A2000D9C-0B6C-CE36-AF0F-AB46D74191C6}.Release|Any CPU.Build.0 = Release|Any CPU
		{09A3B19D-2A5F-E111-8097-ECB5C4E92E5A}.Debug|Any CPU.ActiveCfg = Debug|Any CPU
		{09A3B19D-2A5F-E111-8097-ECB5C4E92E5A}.Debug|Any CPU.Build.0 = Debug|Any CPU
		{09A3B19D-2A5F-E111-8097-ECB5C4E92E5A}.Release|Any CPU.ActiveCfg = Release|Any CPU
		{09A3B19D-2A5F-E111-8097-ECB5C4E92E5A}.Release|Any CPU.Build.0 = Release|Any CPU
		{F6765A0B-E847-36DF-0ADA-26AF8E2C8AF5}.Debug|Any CPU.ActiveCfg = Debug|Any CPU
		{F6765A0B-E847-36DF-0ADA-26AF8E2C8AF5}.Debug|Any CPU.Build.0 = Debug|Any CPU
		{F6765A0B-E847-36DF-0ADA-26AF8E2C8AF5}.Release|Any CPU.ActiveCfg = Release|Any CPU
		{F6765A0B-E847-36DF-0ADA-26AF8E2C8AF5}.Release|Any CPU.Build.0 = Release|Any CPU
		{ACE64B55-0C30-352B-32CB-86989876F353}.Debug|Any CPU.ActiveCfg = Debug|Any CPU
		{ACE64B55-0C30-352B-32CB-86989876F353}.Debug|Any CPU.Build.0 = Debug|Any CPU
		{ACE64B55-0C30-352B-32CB-86989876F353}.Release|Any CPU.ActiveCfg = Release|Any CPU
		{ACE64B55-0C30-352B-32CB-86989876F353}.Release|Any CPU.Build.0 = Release|Any CPU
		{9632A551-A76D-2201-C5E6-B07A7792E588}.Debug|Any CPU.ActiveCfg = Debug|Any CPU
		{9632A551-A76D-2201-C5E6-B07A7792E588}.Debug|Any CPU.Build.0 = Debug|Any CPU
		{9632A551-A76D-2201-C5E6-B07A7792E588}.Release|Any CPU.ActiveCfg = Release|Any CPU
		{9632A551-A76D-2201-C5E6-B07A7792E588}.Release|Any CPU.Build.0 = Release|Any CPU
		{94DAC78E-FF03-D154-0C9C-4622A08EE6F4}.Debug|Any CPU.ActiveCfg = Debug|Any CPU
		{94DAC78E-FF03-D154-0C9C-4622A08EE6F4}.Debug|Any CPU.Build.0 = Debug|Any CPU
		{94DAC78E-FF03-D154-0C9C-4622A08EE6F4}.Release|Any CPU.ActiveCfg = Release|Any CPU
		{94DAC78E-FF03-D154-0C9C-4622A08EE6F4}.Release|Any CPU.Build.0 = Release|Any CPU
		{7D074B1F-8026-5842-E782-24590AECDF57}.Debug|Any CPU.ActiveCfg = Debug|Any CPU
		{7D074B1F-8026-5842-E782-24590AECDF57}.Debug|Any CPU.Build.0 = Debug|Any CPU
		{7D074B1F-8026-5842-E782-24590AECDF57}.Release|Any CPU.ActiveCfg = Release|Any CPU
		{7D074B1F-8026-5842-E782-24590AECDF57}.Release|Any CPU.Build.0 = Release|Any CPU
		{2C744F1F-B12C-73E7-7CA5-39941F2D4CFD}.Debug|Any CPU.ActiveCfg = Debug|Any CPU
		{2C744F1F-B12C-73E7-7CA5-39941F2D4CFD}.Debug|Any CPU.Build.0 = Debug|Any CPU
		{2C744F1F-B12C-73E7-7CA5-39941F2D4CFD}.Release|Any CPU.ActiveCfg = Release|Any CPU
		{2C744F1F-B12C-73E7-7CA5-39941F2D4CFD}.Release|Any CPU.Build.0 = Release|Any CPU
		{0C9345F1-924D-7F05-5824-68C31EAEF6C6}.Debug|Any CPU.ActiveCfg = Debug|Any CPU
		{0C9345F1-924D-7F05-5824-68C31EAEF6C6}.Debug|Any CPU.Build.0 = Debug|Any CPU
		{0C9345F1-924D-7F05-5824-68C31EAEF6C6}.Release|Any CPU.ActiveCfg = Release|Any CPU
		{0C9345F1-924D-7F05-5824-68C31EAEF6C6}.Release|Any CPU.Build.0 = Release|Any CPU
		{0F89C41D-081A-2D79-FAD2-94C48FDDEEC2}.Debug|Any CPU.ActiveCfg = Debug|Any CPU
		{0F89C41D-081A-2D79-FAD2-94C48FDDEEC2}.Debug|Any CPU.Build.0 = Debug|Any CPU
		{0F89C41D-081A-2D79-FAD2-94C48FDDEEC2}.Release|Any CPU.ActiveCfg = Release|Any CPU
		{0F89C41D-081A-2D79-FAD2-94C48FDDEEC2}.Release|Any CPU.Build.0 = Release|Any CPU
		{B0E33C15-3BB3-4744-5C35-14321DFA4535}.Debug|Any CPU.ActiveCfg = Debug|Any CPU
		{B0E33C15-3BB3-4744-5C35-14321DFA4535}.Debug|Any CPU.Build.0 = Debug|Any CPU
		{B0E33C15-3BB3-4744-5C35-14321DFA4535}.Release|Any CPU.ActiveCfg = Release|Any CPU
		{B0E33C15-3BB3-4744-5C35-14321DFA4535}.Release|Any CPU.Build.0 = Release|Any CPU
		{73234C72-D35F-6883-F2DF-B98C14D586FA}.Debug|Any CPU.ActiveCfg = Debug|Any CPU
		{73234C72-D35F-6883-F2DF-B98C14D586FA}.Debug|Any CPU.Build.0 = Debug|Any CPU
		{73234C72-D35F-6883-F2DF-B98C14D586FA}.Release|Any CPU.ActiveCfg = Release|Any CPU
		{73234C72-D35F-6883-F2DF-B98C14D586FA}.Release|Any CPU.Build.0 = Release|Any CPU
		{914A5DC5-E257-3250-9C7F-1BF70A6BE571}.Debug|Any CPU.ActiveCfg = Debug|Any CPU
		{914A5DC5-E257-3250-9C7F-1BF70A6BE571}.Debug|Any CPU.Build.0 = Debug|Any CPU
		{914A5DC5-E257-3250-9C7F-1BF70A6BE571}.Release|Any CPU.ActiveCfg = Release|Any CPU
		{914A5DC5-E257-3250-9C7F-1BF70A6BE571}.Release|Any CPU.Build.0 = Release|Any CPU
		{28D2948C-58AE-53F1-CF51-7E7C12B68E53}.Debug|Any CPU.ActiveCfg = Debug|Any CPU
		{28D2948C-58AE-53F1-CF51-7E7C12B68E53}.Debug|Any CPU.Build.0 = Debug|Any CPU
		{28D2948C-58AE-53F1-CF51-7E7C12B68E53}.Release|Any CPU.ActiveCfg = Release|Any CPU
		{28D2948C-58AE-53F1-CF51-7E7C12B68E53}.Release|Any CPU.Build.0 = Release|Any CPU
		{DC8717B6-C66B-137A-6D2F-493D462B23C7}.Debug|Any CPU.ActiveCfg = Debug|Any CPU
		{DC8717B6-C66B-137A-6D2F-493D462B23C7}.Debug|Any CPU.Build.0 = Debug|Any CPU
		{DC8717B6-C66B-137A-6D2F-493D462B23C7}.Release|Any CPU.ActiveCfg = Release|Any CPU
		{DC8717B6-C66B-137A-6D2F-493D462B23C7}.Release|Any CPU.Build.0 = Release|Any CPU
		{D524E568-FDA7-1A29-A410-443DA4025956}.Debug|Any CPU.ActiveCfg = Debug|Any CPU
		{D524E568-FDA7-1A29-A410-443DA4025956}.Debug|Any CPU.Build.0 = Debug|Any CPU
		{D524E568-FDA7-1A29-A410-443DA4025956}.Release|Any CPU.ActiveCfg = Release|Any CPU
		{D524E568-FDA7-1A29-A410-443DA4025956}.Release|Any CPU.Build.0 = Release|Any CPU
		{1EA2393F-B740-32C8-38DC-DC76D34BDE9F}.Debug|Any CPU.ActiveCfg = Debug|Any CPU
		{1EA2393F-B740-32C8-38DC-DC76D34BDE9F}.Debug|Any CPU.Build.0 = Debug|Any CPU
		{1EA2393F-B740-32C8-38DC-DC76D34BDE9F}.Release|Any CPU.ActiveCfg = Release|Any CPU
		{1EA2393F-B740-32C8-38DC-DC76D34BDE9F}.Release|Any CPU.Build.0 = Release|Any CPU
		{AB04D3A2-F326-AFC7-5DF9-D0EAC229D648}.Debug|Any CPU.ActiveCfg = Debug|Any CPU
		{AB04D3A2-F326-AFC7-5DF9-D0EAC229D648}.Debug|Any CPU.Build.0 = Debug|Any CPU
		{AB04D3A2-F326-AFC7-5DF9-D0EAC229D648}.Release|Any CPU.ActiveCfg = Release|Any CPU
		{AB04D3A2-F326-AFC7-5DF9-D0EAC229D648}.Release|Any CPU.Build.0 = Release|Any CPU
		{B7D05EFB-401D-D877-FC70-46689CA1CCDA}.Debug|Any CPU.ActiveCfg = Debug|Any CPU
		{B7D05EFB-401D-D877-FC70-46689CA1CCDA}.Debug|Any CPU.Build.0 = Debug|Any CPU
		{B7D05EFB-401D-D877-FC70-46689CA1CCDA}.Release|Any CPU.ActiveCfg = Release|Any CPU
		{B7D05EFB-401D-D877-FC70-46689CA1CCDA}.Release|Any CPU.Build.0 = Release|Any CPU
		{E9EB830D-40DA-0615-C1EE-FFB6DCBA015C}.Debug|Any CPU.ActiveCfg = Debug|Any CPU
		{E9EB830D-40DA-0615-C1EE-FFB6DCBA015C}.Debug|Any CPU.Build.0 = Debug|Any CPU
		{E9EB830D-40DA-0615-C1EE-FFB6DCBA015C}.Release|Any CPU.ActiveCfg = Release|Any CPU
		{E9EB830D-40DA-0615-C1EE-FFB6DCBA015C}.Release|Any CPU.Build.0 = Release|Any CPU
		{15886B73-449E-CBA0-F1D7-18F810C2C38A}.Debug|Any CPU.ActiveCfg = Debug|Any CPU
		{15886B73-449E-CBA0-F1D7-18F810C2C38A}.Debug|Any CPU.Build.0 = Debug|Any CPU
		{15886B73-449E-CBA0-F1D7-18F810C2C38A}.Release|Any CPU.ActiveCfg = Release|Any CPU
		{15886B73-449E-CBA0-F1D7-18F810C2C38A}.Release|Any CPU.Build.0 = Release|Any CPU
		{844C01DB-DF60-4ED7-1707-F5AC65BB0B6D}.Debug|Any CPU.ActiveCfg = Debug|Any CPU
		{844C01DB-DF60-4ED7-1707-F5AC65BB0B6D}.Debug|Any CPU.Build.0 = Debug|Any CPU
		{844C01DB-DF60-4ED7-1707-F5AC65BB0B6D}.Release|Any CPU.ActiveCfg = Release|Any CPU
		{844C01DB-DF60-4ED7-1707-F5AC65BB0B6D}.Release|Any CPU.Build.0 = Release|Any CPU
		{374DB259-CD32-2C49-8E56-E85A4B27001F}.Debug|Any CPU.ActiveCfg = Debug|Any CPU
		{374DB259-CD32-2C49-8E56-E85A4B27001F}.Debug|Any CPU.Build.0 = Debug|Any CPU
		{374DB259-CD32-2C49-8E56-E85A4B27001F}.Release|Any CPU.ActiveCfg = Release|Any CPU
		{374DB259-CD32-2C49-8E56-E85A4B27001F}.Release|Any CPU.Build.0 = Release|Any CPU
		{5F853B1A-5AD3-B89A-6D00-641825863B95}.Debug|Any CPU.ActiveCfg = Debug|Any CPU
		{5F853B1A-5AD3-B89A-6D00-641825863B95}.Debug|Any CPU.Build.0 = Debug|Any CPU
		{5F853B1A-5AD3-B89A-6D00-641825863B95}.Release|Any CPU.ActiveCfg = Release|Any CPU
		{5F853B1A-5AD3-B89A-6D00-641825863B95}.Release|Any CPU.Build.0 = Release|Any CPU
		{D8783D35-0709-C7C4-D0FE-6A79598887BF}.Debug|Any CPU.ActiveCfg = Debug|Any CPU
		{D8783D35-0709-C7C4-D0FE-6A79598887BF}.Debug|Any CPU.Build.0 = Debug|Any CPU
		{D8783D35-0709-C7C4-D0FE-6A79598887BF}.Release|Any CPU.ActiveCfg = Release|Any CPU
		{D8783D35-0709-C7C4-D0FE-6A79598887BF}.Release|Any CPU.Build.0 = Release|Any CPU
		{E7F0E91F-F1F7-C99D-3ED3-53A14DF8528D}.Debug|Any CPU.ActiveCfg = Debug|Any CPU
		{E7F0E91F-F1F7-C99D-3ED3-53A14DF8528D}.Debug|Any CPU.Build.0 = Debug|Any CPU
		{E7F0E91F-F1F7-C99D-3ED3-53A14DF8528D}.Release|Any CPU.ActiveCfg = Release|Any CPU
		{E7F0E91F-F1F7-C99D-3ED3-53A14DF8528D}.Release|Any CPU.Build.0 = Release|Any CPU
		{99AE9EF7-085B-92CA-B49C-2EDEB759B607}.Debug|Any CPU.ActiveCfg = Debug|Any CPU
		{99AE9EF7-085B-92CA-B49C-2EDEB759B607}.Debug|Any CPU.Build.0 = Debug|Any CPU
		{99AE9EF7-085B-92CA-B49C-2EDEB759B607}.Release|Any CPU.ActiveCfg = Release|Any CPU
		{99AE9EF7-085B-92CA-B49C-2EDEB759B607}.Release|Any CPU.Build.0 = Release|Any CPU
		{7E53F729-DE64-01CD-CBD5-169828825F01}.Debug|Any CPU.ActiveCfg = Debug|Any CPU
		{7E53F729-DE64-01CD-CBD5-169828825F01}.Debug|Any CPU.Build.0 = Debug|Any CPU
		{7E53F729-DE64-01CD-CBD5-169828825F01}.Release|Any CPU.ActiveCfg = Release|Any CPU
		{7E53F729-DE64-01CD-CBD5-169828825F01}.Release|Any CPU.Build.0 = Release|Any CPU
		{16250834-27FA-7066-6589-339B5D1A5F1B}.Debug|Any CPU.ActiveCfg = Debug|Any CPU
		{16250834-27FA-7066-6589-339B5D1A5F1B}.Debug|Any CPU.Build.0 = Debug|Any CPU
		{16250834-27FA-7066-6589-339B5D1A5F1B}.Release|Any CPU.ActiveCfg = Release|Any CPU
		{16250834-27FA-7066-6589-339B5D1A5F1B}.Release|Any CPU.Build.0 = Release|Any CPU
		{726008D8-A1C2-BCED-0281-5FAF143A08C9}.Debug|Any CPU.ActiveCfg = Debug|Any CPU
		{726008D8-A1C2-BCED-0281-5FAF143A08C9}.Debug|Any CPU.Build.0 = Debug|Any CPU
		{726008D8-A1C2-BCED-0281-5FAF143A08C9}.Release|Any CPU.ActiveCfg = Release|Any CPU
		{726008D8-A1C2-BCED-0281-5FAF143A08C9}.Release|Any CPU.Build.0 = Release|Any CPU
		{417DDDB9-C688-ED9C-8A3F-32853F608166}.Debug|Any CPU.ActiveCfg = Debug|Any CPU
		{417DDDB9-C688-ED9C-8A3F-32853F608166}.Debug|Any CPU.Build.0 = Debug|Any CPU
		{417DDDB9-C688-ED9C-8A3F-32853F608166}.Release|Any CPU.ActiveCfg = Release|Any CPU
		{417DDDB9-C688-ED9C-8A3F-32853F608166}.Release|Any CPU.Build.0 = Release|Any CPU
		{5C03A5B4-CEFA-76DA-9D9A-A54782D987E0}.Debug|Any CPU.ActiveCfg = Debug|Any CPU
		{5C03A5B4-CEFA-76DA-9D9A-A54782D987E0}.Debug|Any CPU.Build.0 = Debug|Any CPU
		{5C03A5B4-CEFA-76DA-9D9A-A54782D987E0}.Release|Any CPU.ActiveCfg = Release|Any CPU
		{5C03A5B4-CEFA-76DA-9D9A-A54782D987E0}.Release|Any CPU.Build.0 = Release|Any CPU
		{C64413D6-9D6F-A6D2-9387-3F2530FAD842}.Debug|Any CPU.ActiveCfg = Debug|Any CPU
		{C64413D6-9D6F-A6D2-9387-3F2530FAD842}.Debug|Any CPU.Build.0 = Debug|Any CPU
		{C64413D6-9D6F-A6D2-9387-3F2530FAD842}.Release|Any CPU.ActiveCfg = Release|Any CPU
		{C64413D6-9D6F-A6D2-9387-3F2530FAD842}.Release|Any CPU.Build.0 = Release|Any CPU
		{8A4D9670-5340-2154-F98C-476D724BD4E3}.Debug|Any CPU.ActiveCfg = Debug|Any CPU
		{8A4D9670-5340-2154-F98C-476D724BD4E3}.Debug|Any CPU.Build.0 = Debug|Any CPU
		{8A4D9670-5340-2154-F98C-476D724BD4E3}.Release|Any CPU.ActiveCfg = Release|Any CPU
		{8A4D9670-5340-2154-F98C-476D724BD4E3}.Release|Any CPU.Build.0 = Release|Any CPU
		{306531A5-EE9F-34BE-6FFD-A0FF7FDC324D}.Debug|Any CPU.ActiveCfg = Debug|Any CPU
		{306531A5-EE9F-34BE-6FFD-A0FF7FDC324D}.Debug|Any CPU.Build.0 = Debug|Any CPU
		{306531A5-EE9F-34BE-6FFD-A0FF7FDC324D}.Release|Any CPU.ActiveCfg = Release|Any CPU
		{306531A5-EE9F-34BE-6FFD-A0FF7FDC324D}.Release|Any CPU.Build.0 = Release|Any CPU
		{E817011B-BCBF-9B5E-A815-B8258A4A13AC}.Debug|Any CPU.ActiveCfg = Debug|Any CPU
		{E817011B-BCBF-9B5E-A815-B8258A4A13AC}.Debug|Any CPU.Build.0 = Debug|Any CPU
		{E817011B-BCBF-9B5E-A815-B8258A4A13AC}.Release|Any CPU.ActiveCfg = Release|Any CPU
		{E817011B-BCBF-9B5E-A815-B8258A4A13AC}.Release|Any CPU.Build.0 = Release|Any CPU
		{AC67B7A9-94EB-8A6C-80A0-10F53CEA4AC4}.Debug|Any CPU.ActiveCfg = Debug|Any CPU
		{AC67B7A9-94EB-8A6C-80A0-10F53CEA4AC4}.Debug|Any CPU.Build.0 = Debug|Any CPU
		{AC67B7A9-94EB-8A6C-80A0-10F53CEA4AC4}.Release|Any CPU.ActiveCfg = Release|Any CPU
		{AC67B7A9-94EB-8A6C-80A0-10F53CEA4AC4}.Release|Any CPU.Build.0 = Release|Any CPU
		{B1644034-AA89-2230-70DA-1AC90D2EB298}.Debug|Any CPU.ActiveCfg = Debug|Any CPU
		{B1644034-AA89-2230-70DA-1AC90D2EB298}.Debug|Any CPU.Build.0 = Debug|Any CPU
		{B1644034-AA89-2230-70DA-1AC90D2EB298}.Release|Any CPU.ActiveCfg = Release|Any CPU
		{B1644034-AA89-2230-70DA-1AC90D2EB298}.Release|Any CPU.Build.0 = Release|Any CPU
		{F431924B-78AF-AEBB-912B-17E5EAC5E02B}.Debug|Any CPU.ActiveCfg = Debug|Any CPU
		{F431924B-78AF-AEBB-912B-17E5EAC5E02B}.Debug|Any CPU.Build.0 = Debug|Any CPU
		{F431924B-78AF-AEBB-912B-17E5EAC5E02B}.Release|Any CPU.ActiveCfg = Release|Any CPU
		{F431924B-78AF-AEBB-912B-17E5EAC5E02B}.Release|Any CPU.Build.0 = Release|Any CPU
		{7B5FA152-C91D-BD60-8E06-CD4144A2E6E0}.Debug|Any CPU.ActiveCfg = Debug|Any CPU
		{7B5FA152-C91D-BD60-8E06-CD4144A2E6E0}.Debug|Any CPU.Build.0 = Debug|Any CPU
		{7B5FA152-C91D-BD60-8E06-CD4144A2E6E0}.Release|Any CPU.ActiveCfg = Release|Any CPU
		{7B5FA152-C91D-BD60-8E06-CD4144A2E6E0}.Release|Any CPU.Build.0 = Release|Any CPU
		{F92D6174-682A-53BA-3DC5-59BF1E785CF4}.Debug|Any CPU.ActiveCfg = Debug|Any CPU
		{F92D6174-682A-53BA-3DC5-59BF1E785CF4}.Debug|Any CPU.Build.0 = Debug|Any CPU
		{F92D6174-682A-53BA-3DC5-59BF1E785CF4}.Release|Any CPU.ActiveCfg = Release|Any CPU
		{F92D6174-682A-53BA-3DC5-59BF1E785CF4}.Release|Any CPU.Build.0 = Release|Any CPU
		{14081283-D0D0-A805-7817-31E9484CF50B}.Debug|Any CPU.ActiveCfg = Debug|Any CPU
		{14081283-D0D0-A805-7817-31E9484CF50B}.Debug|Any CPU.Build.0 = Debug|Any CPU
		{14081283-D0D0-A805-7817-31E9484CF50B}.Release|Any CPU.ActiveCfg = Release|Any CPU
		{14081283-D0D0-A805-7817-31E9484CF50B}.Release|Any CPU.Build.0 = Release|Any CPU
		{DA414DC4-088E-0502-AC98-3BE5CAC36F83}.Debug|Any CPU.ActiveCfg = Debug|Any CPU
		{DA414DC4-088E-0502-AC98-3BE5CAC36F83}.Debug|Any CPU.Build.0 = Debug|Any CPU
		{DA414DC4-088E-0502-AC98-3BE5CAC36F83}.Release|Any CPU.ActiveCfg = Release|Any CPU
		{DA414DC4-088E-0502-AC98-3BE5CAC36F83}.Release|Any CPU.Build.0 = Release|Any CPU
		{F77146F4-4603-0934-5BCF-21266DC75D86}.Debug|Any CPU.ActiveCfg = Debug|Any CPU
		{F77146F4-4603-0934-5BCF-21266DC75D86}.Debug|Any CPU.Build.0 = Debug|Any CPU
		{F77146F4-4603-0934-5BCF-21266DC75D86}.Release|Any CPU.ActiveCfg = Release|Any CPU
		{F77146F4-4603-0934-5BCF-21266DC75D86}.Release|Any CPU.Build.0 = Release|Any CPU
		{9125A30E-985C-E365-FFDF-D893ACEC5224}.Debug|Any CPU.ActiveCfg = Debug|Any CPU
		{9125A30E-985C-E365-FFDF-D893ACEC5224}.Debug|Any CPU.Build.0 = Debug|Any CPU
		{9125A30E-985C-E365-FFDF-D893ACEC5224}.Release|Any CPU.ActiveCfg = Release|Any CPU
		{9125A30E-985C-E365-FFDF-D893ACEC5224}.Release|Any CPU.Build.0 = Release|Any CPU
		{D8A886D4-984A-9388-E0E6-233395487009}.Debug|Any CPU.ActiveCfg = Debug|Any CPU
		{D8A886D4-984A-9388-E0E6-233395487009}.Debug|Any CPU.Build.0 = Debug|Any CPU
		{D8A886D4-984A-9388-E0E6-233395487009}.Release|Any CPU.ActiveCfg = Release|Any CPU
		{D8A886D4-984A-9388-E0E6-233395487009}.Release|Any CPU.Build.0 = Release|Any CPU
		{E240D46D-9375-1700-FE84-29B6D342DCC2}.Debug|Any CPU.ActiveCfg = Debug|Any CPU
		{E240D46D-9375-1700-FE84-29B6D342DCC2}.Debug|Any CPU.Build.0 = Debug|Any CPU
		{E240D46D-9375-1700-FE84-29B6D342DCC2}.Release|Any CPU.ActiveCfg = Release|Any CPU
		{E240D46D-9375-1700-FE84-29B6D342DCC2}.Release|Any CPU.Build.0 = Release|Any CPU
		{B09DDA42-2125-9B65-143F-E0CB34AD9DE4}.Debug|Any CPU.ActiveCfg = Debug|Any CPU
		{B09DDA42-2125-9B65-143F-E0CB34AD9DE4}.Debug|Any CPU.Build.0 = Debug|Any CPU
		{B09DDA42-2125-9B65-143F-E0CB34AD9DE4}.Release|Any CPU.ActiveCfg = Release|Any CPU
		{B09DDA42-2125-9B65-143F-E0CB34AD9DE4}.Release|Any CPU.Build.0 = Release|Any CPU
		{92BFA086-51E4-967E-29E7-B1B4F254A1B7}.Debug|Any CPU.ActiveCfg = Debug|Any CPU
		{92BFA086-51E4-967E-29E7-B1B4F254A1B7}.Debug|Any CPU.Build.0 = Debug|Any CPU
		{92BFA086-51E4-967E-29E7-B1B4F254A1B7}.Release|Any CPU.ActiveCfg = Release|Any CPU
		{92BFA086-51E4-967E-29E7-B1B4F254A1B7}.Release|Any CPU.Build.0 = Release|Any CPU
	EndGlobalSection
	GlobalSection(SolutionProperties) = preSolution
		HideSolutionNode = FALSE
	EndGlobalSection
EndGlobal
